
Microsoft Visual Studio Solution File, Format Version 12.00
# Visual Studio Version 16
VisualStudioVersion = 16.0.31613.86
MinimumVisualStudioVersion = 10.0.40219.1
Project("{FAE04EC0-301F-11D3-BF4B-00C04F79EFBC}") = "malom", "malom\malom.csproj", "{C13289A4-C8D6-4948-A468-B5BCC9D06B9B}"
EndProject
Global
	GlobalSection(SolutionConfigurationPlatforms) = preSolution
		Debug|Any CPU = Debug|Any CPU
		Release|Any CPU = Release|Any CPU
	EndGlobalSection
	GlobalSection(ProjectConfigurationPlatforms) = postSolution
		{C13289A4-C8D6-4948-A468-B5BCC9D06B9B}.Debug|Any CPU.ActiveCfg = Debug|Any CPU
		{C13289A4-C8D6-4948-A468-B5BCC9D06B9B}.Debug|Any CPU.Build.0 = Debug|Any CPU
		{C13289A4-C8D6-4948-A468-B5BCC9D06B9B}.Release|Any CPU.ActiveCfg = Release|Any CPU
		{C13289A4-C8D6-4948-A468-B5BCC9D06B9B}.Release|Any CPU.Build.0 = Release|Any CPU
	EndGlobalSection
	GlobalSection(SolutionProperties) = preSolution
		HideSolutionNode = FALSE
	EndGlobalSection
	GlobalSection(ExtensibilityGlobals) = postSolution
		SolutionGuid = {C3BF2E44-6F62-443C-A229-999BFB43371E}
	EndGlobalSection
EndGlobal
